
Microsoft Visual Studio Solution File, Format Version 12.00
# Visual Studio Version 17
VisualStudioVersion = 17.8.34330.188
MinimumVisualStudioVersion = 10.0.40219.1
Project("{FAE04EC0-301F-11D3-BF4B-00C04F79EFBC}") = "Simple API", "Simple API\Simple API.csproj", "{CD205CBC-8908-493C-82A2-CFB856606690}"
EndProject
Global
	GlobalSection(SolutionConfigurationPlatforms) = preSolution
		Debug|Any CPU = Debug|Any CPU
		Release|Any CPU = Release|Any CPU
	EndGlobalSection
	GlobalSection(ProjectConfigurationPlatforms) = postSolution
		{CD205CBC-8908-493C-82A2-CFB856606690}.Debug|Any CPU.ActiveCfg = Debug|Any CPU
		{CD205CBC-8908-493C-82A2-CFB856606690}.Debug|Any CPU.Build.0 = Debug|Any CPU
		{CD205CBC-8908-493C-82A2-CFB856606690}.Release|Any CPU.ActiveCfg = Release|Any CPU
		{CD205CBC-8908-493C-82A2-CFB856606690}.Release|Any CPU.Build.0 = Release|Any CPU
	EndGlobalSection
	GlobalSection(SolutionProperties) = preSolution
		HideSolutionNode = FALSE
	EndGlobalSection
	GlobalSection(ExtensibilityGlobals) = postSolution
		SolutionGuid = {35F4AE4A-4D0A-4BE1-B335-55CF62191740}
	EndGlobalSection
EndGlobal
